
Microsoft Visual Studio Solution File, Format Version 12.00
# Visual Studio Version 18
VisualStudioVersion = 18.3.11520.95
MinimumVisualStudioVersion = 10.0.40219.1
Project("{8BC9CEB8-8B4A-11D0-8D11-00A0C91BC942}") = "Parking Lot System", "Parking Lot System.vcxproj", "{EAB43DA5-ABA4-151D-FC4F-A39FB7DE0B1F}"
EndProject
Project("{8BC9CEB8-8B4A-11D0-8D11-00A0C91BC942}") = "ParkingLotTests", "..\ParkingLotTests\ParkingLotTests.vcxproj", "{F383402B-3399-43B4-9943-D1FFD3AC05C8}"
EndProject
Global
	GlobalSection(SolutionConfigurationPlatforms) = preSolution
		Debug|x64 = Debug|x64
		Debug|x86 = Debug|x86
		Release|x64 = Release|x64
		Release|x86 = Release|x86
	EndGlobalSection
	GlobalSection(ProjectConfigurationPlatforms) = postSolution
		{EAB43DA5-ABA4-151D-FC4F-A39FB7DE0B1F}.Debug|x64.ActiveCfg = Debug|x64
		{EAB43DA5-ABA4-151D-FC4F-A39FB7DE0B1F}.Debug|x64.Build.0 = Debug|x64
		{EAB43DA5-ABA4-151D-FC4F-A39FB7DE0B1F}.Debug|x86.ActiveCfg = Debug|Win32
		{EAB43DA5-ABA4-151D-FC4F-A39FB7DE0B1F}.Debug|x86.Build.0 = Debug|Win32
		{EAB43DA5-ABA4-151D-FC4F-A39FB7DE0B1F}.Release|x64.ActiveCfg = Release|x64
		{EAB43DA5-ABA4-151D-FC4F-A39FB7DE0B1F}.Release|x64.Build.0 = Release|x64
		{EAB43DA5-ABA4-151D-FC4F-A39FB7DE0B1F}.Release|x86.ActiveCfg = Release|Win32
		{EAB43DA5-ABA4-151D-FC4F-A39FB7DE0B1F}.Release|x86.Build.0 = Release|Win32
		{F383402B-3399-43B4-9943-D1FFD3AC05C8}.Debug|x64.ActiveCfg = Debug|x64
		{F383402B-3399-43B4-9943-D1FFD3AC05C8}.Debug|x64.Build.0 = Debug|x64
		{F383402B-3399-43B4-9943-D1FFD3AC05C8}.Debug|x86.ActiveCfg = Debug|Win32
		{F383402B-3399-43B4-9943-D1FFD3AC05C8}.Debug|x86.Build.0 = Debug|Win32
		{F383402B-3399-43B4-9943-D1FFD3AC05C8}.Release|x64.ActiveCfg = Release|x64
		{F383402B-3399-43B4-9943-D1FFD3AC05C8}.Release|x64.Build.0 = Release|x64
		{F383402B-3399-43B4-9943-D1FFD3AC05C8}.Release|x86.ActiveCfg = Release|Win32
		{F383402B-3399-43B4-9943-D1FFD3AC05C8}.Release|x86.Build.0 = Release|Win32
	EndGlobalSection
	GlobalSection(SolutionProperties) = preSolution
		HideSolutionNode = FALSE
	EndGlobalSection
	GlobalSection(ExtensibilityGlobals) = postSolution
		SolutionGuid = {A9BA5AA2-A0A8-482F-8427-CB6BB8F7F288}
	EndGlobalSection
EndGlobal
